
Microsoft Visual Studio Solution File, Format Version 12.00
# Visual Studio 14
VisualStudioVersion = 14.0.25420.1
MinimumVisualStudioVersion = 10.0.40219.1
Project("{FAE04EC0-301F-11D3-BF4B-00C04F79EFBC}") = "CommonNetTools", "CommonNetTools\CommonNetTools.csproj", "{A86D8B8B-D601-4EB9-AA0A-E03372ACC104}"
EndProject
Project("{FAE04EC0-301F-11D3-BF4B-00C04F79EFBC}") = "CommonNetTools.Test", "CommonNetTools.Test\CommonNetTools.Test.csproj", "{A0935A03-286E-4D7B-9985-38836B78C2ED}"
EndProject
Project("{FAE04EC0-301F-11D3-BF4B-00C04F79EFBC}") = "CommonNetTools.Scripting", "CommonNetTools.Scripting\CommonNetTools.Scripting.csproj", "{196D44A1-6A16-4222-8EA6-C206EFABBD11}"
EndProject
Project("{FAE04EC0-301F-11D3-BF4B-00C04F79EFBC}") = "CommonNetTools.Scripting.Test", "CommonNetTools.Scripting.Test\CommonNetTools.Scripting.Test.csproj", "{074D8F2D-2CB2-4A4C-8291-2C76C2898A0E}"
EndProject
Project("{FAE04EC0-301F-11D3-BF4B-00C04F79EFBC}") = "CommonNetTools.WinForms", "CommonNetTools.WinForms\CommonNetTools.WinForms.csproj", "{716AE81D-1017-462D-A5CD-5C57A68D0C0C}"
EndProject
Project("{FAE04EC0-301F-11D3-BF4B-00C04F79EFBC}") = "CommonNetTools.IO", "CommonNetTools.IO\CommonNetTools.IO.csproj", "{8B046163-5672-4AB3-9A5C-2FBAF55C610F}"
EndProject
Project("{FAE04EC0-301F-11D3-BF4B-00C04F79EFBC}") = "CommonNetTools.IO.Test", "CommonNetTools.IO.Test\CommonNetTools.IO.Test.csproj", "{299ADFF2-A6B0-40A2-8374-979CF8FA7C8E}"
EndProject
Project("{FAE04EC0-301F-11D3-BF4B-00C04F79EFBC}") = "CommonNetTools.Net", "CommonNetTools.Net\CommonNetTools.Net.csproj", "{68D88C44-C01F-4E2D-8CBA-15C5A206CD6A}"
EndProject
Project("{FAE04EC0-301F-11D3-BF4B-00C04F79EFBC}") = "CommonNetTools.Net.Test", "CommonNetTools.Net.Test\CommonNetTools.Net.Test.csproj", "{D589F52D-6A57-43BE-881E-476AB34241C5}"
EndProject
Project("{2150E333-8FDC-42A3-9474-1A3956D46DE8}") = "Libraries", "Libraries", "{5979CFE7-A96B-40F8-AD33-2786AED158FF}"
EndProject
Project("{2150E333-8FDC-42A3-9474-1A3956D46DE8}") = "Tests", "Tests", "{325FB6B6-A14B-4FE1-B04F-FB7FE48D7114}"
EndProject
Project("{FAE04EC0-301F-11D3-BF4B-00C04F79EFBC}") = "CommonNetTools.Security", "CommonNetTools.Security\CommonNetTools.Security.csproj", "{E5628FE3-FCA9-4403-A8F1-68905C3EDF4E}"
EndProject
Project("{FAE04EC0-301F-11D3-BF4B-00C04F79EFBC}") = "CommonNetTools.Security.Test", "CommonNetTools.Security.Test\CommonNetTools.Security.Test.csproj", "{6226F527-5E2B-47F2-9D13-F2F35A6F7F11}"
EndProject
Global
	GlobalSection(SolutionConfigurationPlatforms) = preSolution
		Debug|Any CPU = Debug|Any CPU
		Release|Any CPU = Release|Any CPU
	EndGlobalSection
	GlobalSection(ProjectConfigurationPlatforms) = postSolution
		{A86D8B8B-D601-4EB9-AA0A-E03372ACC104}.Debug|Any CPU.ActiveCfg = Debug|Any CPU
		{A86D8B8B-D601-4EB9-AA0A-E03372ACC104}.Debug|Any CPU.Build.0 = Debug|Any CPU
		{A86D8B8B-D601-4EB9-AA0A-E03372ACC104}.Release|Any CPU.ActiveCfg = Release|Any CPU
		{A86D8B8B-D601-4EB9-AA0A-E03372ACC104}.Release|Any CPU.Build.0 = Release|Any CPU
		{A0935A03-286E-4D7B-9985-38836B78C2ED}.Debug|Any CPU.ActiveCfg = Debug|Any CPU
		{A0935A03-286E-4D7B-9985-38836B78C2ED}.Debug|Any CPU.Build.0 = Debug|Any CPU
		{A0935A03-286E-4D7B-9985-38836B78C2ED}.Release|Any CPU.ActiveCfg = Release|Any CPU
		{A0935A03-286E-4D7B-9985-38836B78C2ED}.Release|Any CPU.Build.0 = Release|Any CPU
		{196D44A1-6A16-4222-8EA6-C206EFABBD11}.Debug|Any CPU.ActiveCfg = Debug|Any CPU
		{196D44A1-6A16-4222-8EA6-C206EFABBD11}.Debug|Any CPU.Build.0 = Debug|Any CPU
		{196D44A1-6A16-4222-8EA6-C206EFABBD11}.Release|Any CPU.ActiveCfg = Release|Any CPU
		{196D44A1-6A16-4222-8EA6-C206EFABBD11}.Release|Any CPU.Build.0 = Release|Any CPU
		{074D8F2D-2CB2-4A4C-8291-2C76C2898A0E}.Debug|Any CPU.ActiveCfg = Debug|Any CPU
		{074D8F2D-2CB2-4A4C-8291-2C76C2898A0E}.Debug|Any CPU.Build.0 = Debug|Any CPU
		{074D8F2D-2CB2-4A4C-8291-2C76C2898A0E}.Release|Any CPU.ActiveCfg = Release|Any CPU
		{074D8F2D-2CB2-4A4C-8291-2C76C2898A0E}.Release|Any CPU.Build.0 = Release|Any CPU
		{716AE81D-1017-462D-A5CD-5C57A68D0C0C}.Debug|Any CPU.ActiveCfg = Debug|Any CPU
		{716AE81D-1017-462D-A5CD-5C57A68D0C0C}.Debug|Any CPU.Build.0 = Debug|Any CPU
		{716AE81D-1017-462D-A5CD-5C57A68D0C0C}.Release|Any CPU.ActiveCfg = Release|Any CPU
		{716AE81D-1017-462D-A5CD-5C57A68D0C0C}.Release|Any CPU.Build.0 = Release|Any CPU
		{8B046163-5672-4AB3-9A5C-2FBAF55C610F}.Debug|Any CPU.ActiveCfg = Debug|Any CPU
		{8B046163-5672-4AB3-9A5C-2FBAF55C610F}.Debug|Any CPU.Build.0 = Debug|Any CPU
		{8B046163-5672-4AB3-9A5C-2FBAF55C610F}.Release|Any CPU.ActiveCfg = Release|Any CPU
		{8B046163-5672-4AB3-9A5C-2FBAF55C610F}.Release|Any CPU.Build.0 = Release|Any CPU
		{299ADFF2-A6B0-40A2-8374-979CF8FA7C8E}.Debug|Any CPU.ActiveCfg = Debug|Any CPU
		{299ADFF2-A6B0-40A2-8374-979CF8FA7C8E}.Debug|Any CPU.Build.0 = Debug|Any CPU
		{299ADFF2-A6B0-40A2-8374-979CF8FA7C8E}.Release|Any CPU.ActiveCfg = Release|Any CPU
		{299ADFF2-A6B0-40A2-8374-979CF8FA7C8E}.Release|Any CPU.Build.0 = Release|Any CPU
		{68D88C44-C01F-4E2D-8CBA-15C5A206CD6A}.Debug|Any CPU.ActiveCfg = Debug|Any CPU
		{68D88C44-C01F-4E2D-8CBA-15C5A206CD6A}.Debug|Any CPU.Build.0 = Debug|Any CPU
		{68D88C44-C01F-4E2D-8CBA-15C5A206CD6A}.Release|Any CPU.ActiveCfg = Release|Any CPU
		{68D88C44-C01F-4E2D-8CBA-15C5A206CD6A}.Release|Any CPU.Build.0 = Release|Any CPU
		{D589F52D-6A57-43BE-881E-476AB34241C5}.Debug|Any CPU.ActiveCfg = Debug|Any CPU
		{D589F52D-6A57-43BE-881E-476AB34241C5}.Debug|Any CPU.Build.0 = Debug|Any CPU
		{D589F52D-6A57-43BE-881E-476AB34241C5}.Release|Any CPU.ActiveCfg = Release|Any CPU
		{D589F52D-6A57-43BE-881E-476AB34241C5}.Release|Any CPU.Build.0 = Release|Any CPU
		{E5628FE3-FCA9-4403-A8F1-68905C3EDF4E}.Debug|Any CPU.ActiveCfg = Debug|Any CPU
		{E5628FE3-FCA9-4403-A8F1-68905C3EDF4E}.Debug|Any CPU.Build.0 = Debug|Any CPU
		{E5628FE3-FCA9-4403-A8F1-68905C3EDF4E}.Release|Any CPU.ActiveCfg = Release|Any CPU
		{E5628FE3-FCA9-4403-A8F1-68905C3EDF4E}.Release|Any CPU.Build.0 = Release|Any CPU
		{6226F527-5E2B-47F2-9D13-F2F35A6F7F11}.Debug|Any CPU.ActiveCfg = Debug|Any CPU
		{6226F527-5E2B-47F2-9D13-F2F35A6F7F11}.Debug|Any CPU.Build.0 = Debug|Any CPU
		{6226F527-5E2B-47F2-9D13-F2F35A6F7F11}.Release|Any CPU.ActiveCfg = Release|Any CPU
		{6226F527-5E2B-47F2-9D13-F2F35A6F7F11}.Release|Any CPU.Build.0 = Release|Any CPU
	EndGlobalSection
	GlobalSection(SolutionProperties) = preSolution
		HideSolutionNode = FALSE
	EndGlobalSection
	GlobalSection(NestedProjects) = preSolution
		{A86D8B8B-D601-4EB9-AA0A-E03372ACC104} = {5979CFE7-A96B-40F8-AD33-2786AED158FF}
		{A0935A03-286E-4D7B-9985-38836B78C2ED} = {325FB6B6-A14B-4FE1-B04F-FB7FE48D7114}
		{196D44A1-6A16-4222-8EA6-C206EFABBD11} = {5979CFE7-A96B-40F8-AD33-2786AED158FF}
		{074D8F2D-2CB2-4A4C-8291-2C76C2898A0E} = {325FB6B6-A14B-4FE1-B04F-FB7FE48D7114}
		{716AE81D-1017-462D-A5CD-5C57A68D0C0C} = {5979CFE7-A96B-40F8-AD33-2786AED158FF}
		{8B046163-5672-4AB3-9A5C-2FBAF55C610F} = {5979CFE7-A96B-40F8-AD33-2786AED158FF}
		{299ADFF2-A6B0-40A2-8374-979CF8FA7C8E} = {325FB6B6-A14B-4FE1-B04F-FB7FE48D7114}
		{68D88C44-C01F-4E2D-8CBA-15C5A206CD6A} = {5979CFE7-A96B-40F8-AD33-2786AED158FF}
		{D589F52D-6A57-43BE-881E-476AB34241C5} = {325FB6B6-A14B-4FE1-B04F-FB7FE48D7114}
		{E5628FE3-FCA9-4403-A8F1-68905C3EDF4E} = {5979CFE7-A96B-40F8-AD33-2786AED158FF}
		{6226F527-5E2B-47F2-9D13-F2F35A6F7F11} = {325FB6B6-A14B-4FE1-B04F-FB7FE48D7114}
	EndGlobalSection
EndGlobal
